
Microsoft Visual Studio Solution File, Format Version 12.00
# Visual Studio Version 17
VisualStudioVersion = 17.4.33213.308
MinimumVisualStudioVersion = 10.0.40219.1
Project("{FAE04EC0-301F-11D3-BF4B-00C04F79EFBC}") = "EjemploUsuarios.WebApi", "EjemploUsuarios.WebApi\EjemploUsuarios.WebApi.csproj", "{391992B2-893B-40E4-99DD-1B091ACC62A1}"
EndProject
Project("{FAE04EC0-301F-11D3-BF4B-00C04F79EFBC}") = "EjemploUsuarios.Logica", "EjemploUsuarios.Logica\EjemploUsuarios.Logica.csproj", "{503391DC-9C70-4FB9-A49A-D7590D5FCE11}"
EndProject
Global
	GlobalSection(SolutionConfigurationPlatforms) = preSolution
		Debug|Any CPU = Debug|Any CPU
		Release|Any CPU = Release|Any CPU
	EndGlobalSection
	GlobalSection(ProjectConfigurationPlatforms) = postSolution
		{391992B2-893B-40E4-99DD-1B091ACC62A1}.Debug|Any CPU.ActiveCfg = Debug|Any CPU
		{391992B2-893B-40E4-99DD-1B091ACC62A1}.Debug|Any CPU.Build.0 = Debug|Any CPU
		{391992B2-893B-40E4-99DD-1B091ACC62A1}.Release|Any CPU.ActiveCfg = Release|Any CPU
		{391992B2-893B-40E4-99DD-1B091ACC62A1}.Release|Any CPU.Build.0 = Release|Any CPU
		{503391DC-9C70-4FB9-A49A-D7590D5FCE11}.Debug|Any CPU.ActiveCfg = Debug|Any CPU
		{503391DC-9C70-4FB9-A49A-D7590D5FCE11}.Debug|Any CPU.Build.0 = Debug|Any CPU
		{503391DC-9C70-4FB9-A49A-D7590D5FCE11}.Release|Any CPU.ActiveCfg = Release|Any CPU
		{503391DC-9C70-4FB9-A49A-D7590D5FCE11}.Release|Any CPU.Build.0 = Release|Any CPU
	EndGlobalSection
	GlobalSection(SolutionProperties) = preSolution
		HideSolutionNode = FALSE
	EndGlobalSection
	GlobalSection(ExtensibilityGlobals) = postSolution
		SolutionGuid = {ED0FF092-B3FB-4910-A57D-11406C88A48D}
	EndGlobalSection
EndGlobal
